
Microsoft Visual Studio Solution File, Format Version 11.00
# Visual Studio 2010
Project("{FAE04EC0-301F-11D3-BF4B-00C04F79EFBC}") = "Wish.Desktop", "Wish.Desktop\Wish.Desktop.csproj", "{702B536A-E766-4C55-838E-14424FA8F101}"
EndProject
Project("{FAE04EC0-301F-11D3-BF4B-00C04F79EFBC}") = "Wish.Module", "WishModule\Wish.Module.csproj", "{F6A61085-69F1-499B-BFCE-E65E32BEDCC9}"
EndProject
Project("{FAE04EC0-301F-11D3-BF4B-00C04F79EFBC}") = "ICSharpCode.AvalonEdit", "ICSharpCode.AvalonEdit\ICSharpCode.AvalonEdit.csproj", "{6C55B776-26D4-4DB3-A6AB-87E783B2F3D1}"
EndProject
Project("{FAE04EC0-301F-11D3-BF4B-00C04F79EFBC}") = "ICSharpCode.AvalonEdit.Tests", "ICSharpCode.AvalonEdit.Tests\ICSharpCode.AvalonEdit.Tests.csproj", "{6222A3A1-83CE-47A3-A4E4-A018F82D44D8}"
EndProject
Project("{2150E333-8FDC-42A3-9474-1A3956D46DE8}") = "Solution Items", "Solution Items", "{9762B3C5-6F95-40E6-86A5-59B6EA61899C}"
EndProject
Project("{FAE04EC0-301F-11D3-BF4B-00C04F79EFBC}") = "AvalonDock", "AvalonDock\AvalonDock.csproj", "{87E61430-4243-45F2-B74E-0A4C096CEBF3}"
EndProject
Project("{FAE04EC0-301F-11D3-BF4B-00C04F79EFBC}") = "Aviad.WPF.Controls", "ACTB\Aviad.WPF.Controls.csproj", "{952E558B-6E94-49A5-BA50-EC50C044709C}"
EndProject
Project("{FAE04EC0-301F-11D3-BF4B-00C04F79EFBC}") = "Wish.Commands", "Wish.Commands\Wish.Commands.csproj", "{A80A4CAC-9921-4A07-8735-A940B9775540}"
EndProject
Project("{FAE04EC0-301F-11D3-BF4B-00C04F79EFBC}") = "Wish.Commands.Tests", "Wish.Commands.Tests\Wish.Commands.Tests.csproj", "{3DF4F1CC-88C3-4656-B54B-7921A7C11B9E}"
EndProject
Project("{FAE04EC0-301F-11D3-BF4B-00C04F79EFBC}") = "Wish.Extensions", "Wish.Extensions\Wish.Extensions.csproj", "{4593E460-0B6D-4F53-B514-0FB39C43D021}"
EndProject
Project("{FAE04EC0-301F-11D3-BF4B-00C04F79EFBC}") = "Wish.Extensions.Tests", "Wish.Extensions.Tests\Wish.Extensions.Tests.csproj", "{9001EB99-FC7D-45AA-B62F-3B588533FF6A}"
EndProject
Project("{FAE04EC0-301F-11D3-BF4B-00C04F79EFBC}") = "Wish.Scripts", "Wish.Scripts\Wish.Scripts.csproj", "{57915513-32AB-44B9-AA63-C2997D1A873B}"
EndProject
Project("{FAE04EC0-301F-11D3-BF4B-00C04F79EFBC}") = "Wish.Scripts.Tests", "Wish.Scripts.Tests\Wish.Scripts.Tests.csproj", "{D321B832-87D7-44F8-8CBB-8ED954340C5E}"
EndProject
Project("{FAE04EC0-301F-11D3-BF4B-00C04F79EFBC}") = "Wish.Module.Tests", "Wish.Module.Tests\Wish.Module.Tests.csproj", "{D66C6CEE-4272-42B5-A086-0A0E4F69CFE3}"
EndProject
Project("{FAE04EC0-301F-11D3-BF4B-00C04F79EFBC}") = "Wish.Common", "Wish.Common\Wish.Common.csproj", "{4973C447-1643-462D-B58D-69929A3AF289}"
EndProject
Project("{FAE04EC0-301F-11D3-BF4B-00C04F79EFBC}") = "Wish.SearchBox", "Wish.SearchBox\Wish.SearchBox.csproj", "{33FB3D82-071C-4467-A130-39C1335848BA}"
EndProject
Project("{FAE04EC0-301F-11D3-BF4B-00C04F79EFBC}") = "Wish.SearchBox.Tests", "Wish.SearchBox.Tests\Wish.SearchBox.Tests.csproj", "{65EA565E-3C5D-494B-8700-E438F095CC0A}"
EndProject
Project("{FAE04EC0-301F-11D3-BF4B-00C04F79EFBC}") = "Wish.Common.Tests", "Wish.Common.Tests\Wish.Common.Tests.csproj", "{5D099C5A-EEF0-4759-82D5-623BC15BB584}"
EndProject
Project("{FAE04EC0-301F-11D3-BF4B-00C04F79EFBC}") = "Wish.Input", "Wish.Input\Wish.Input.csproj", "{7F67FEDC-310F-4036-B9AE-F1D075C9E8E1}"
EndProject
Project("{54435603-DBB4-11D2-8724-00A0C9A8B90C}") = "Wish", "Wish\Wish.vdproj", "{000357BC-6394-4C19-B41E-4B7E9767673E}"
EndProject
Global
	GlobalSection(SolutionConfigurationPlatforms) = preSolution
		Debug|Any CPU = Debug|Any CPU
		Debug|Mixed Platforms = Debug|Mixed Platforms
		Debug|x86 = Debug|x86
		Release|Any CPU = Release|Any CPU
		Release|Mixed Platforms = Release|Mixed Platforms
		Release|x86 = Release|x86
	EndGlobalSection
	GlobalSection(ProjectConfigurationPlatforms) = postSolution
		{702B536A-E766-4C55-838E-14424FA8F101}.Debug|Any CPU.ActiveCfg = Debug|x86
		{702B536A-E766-4C55-838E-14424FA8F101}.Debug|Mixed Platforms.ActiveCfg = Debug|x86
		{702B536A-E766-4C55-838E-14424FA8F101}.Debug|Mixed Platforms.Build.0 = Debug|x86
		{702B536A-E766-4C55-838E-14424FA8F101}.Debug|x86.ActiveCfg = Debug|x86
		{702B536A-E766-4C55-838E-14424FA8F101}.Debug|x86.Build.0 = Debug|x86
		{702B536A-E766-4C55-838E-14424FA8F101}.Release|Any CPU.ActiveCfg = Release|x86
		{702B536A-E766-4C55-838E-14424FA8F101}.Release|Mixed Platforms.ActiveCfg = Release|x86
		{702B536A-E766-4C55-838E-14424FA8F101}.Release|Mixed Platforms.Build.0 = Release|x86
		{702B536A-E766-4C55-838E-14424FA8F101}.Release|x86.ActiveCfg = Release|x86
		{702B536A-E766-4C55-838E-14424FA8F101}.Release|x86.Build.0 = Release|x86
		{F6A61085-69F1-499B-BFCE-E65E32BEDCC9}.Debug|Any CPU.ActiveCfg = Debug|Any CPU
		{F6A61085-69F1-499B-BFCE-E65E32BEDCC9}.Debug|Any CPU.Build.0 = Debug|Any CPU
		{F6A61085-69F1-499B-BFCE-E65E32BEDCC9}.Debug|Mixed Platforms.ActiveCfg = Debug|Any CPU
		{F6A61085-69F1-499B-BFCE-E65E32BEDCC9}.Debug|Mixed Platforms.Build.0 = Debug|Any CPU
		{F6A61085-69F1-499B-BFCE-E65E32BEDCC9}.Debug|x86.ActiveCfg = Debug|Any CPU
		{F6A61085-69F1-499B-BFCE-E65E32BEDCC9}.Release|Any CPU.ActiveCfg = Release|Any CPU
		{F6A61085-69F1-499B-BFCE-E65E32BEDCC9}.Release|Any CPU.Build.0 = Release|Any CPU
		{F6A61085-69F1-499B-BFCE-E65E32BEDCC9}.Release|Mixed Platforms.ActiveCfg = Release|Any CPU
		{F6A61085-69F1-499B-BFCE-E65E32BEDCC9}.Release|Mixed Platforms.Build.0 = Release|Any CPU
		{F6A61085-69F1-499B-BFCE-E65E32BEDCC9}.Release|x86.ActiveCfg = Release|Any CPU
		{6C55B776-26D4-4DB3-A6AB-87E783B2F3D1}.Debug|Any CPU.ActiveCfg = Debug|Any CPU
		{6C55B776-26D4-4DB3-A6AB-87E783B2F3D1}.Debug|Any CPU.Build.0 = Debug|Any CPU
		{6C55B776-26D4-4DB3-A6AB-87E783B2F3D1}.Debug|Mixed Platforms.ActiveCfg = Debug|Any CPU
		{6C55B776-26D4-4DB3-A6AB-87E783B2F3D1}.Debug|Mixed Platforms.Build.0 = Debug|Any CPU
		{6C55B776-26D4-4DB3-A6AB-87E783B2F3D1}.Debug|x86.ActiveCfg = Debug|Any CPU
		{6C55B776-26D4-4DB3-A6AB-87E783B2F3D1}.Release|Any CPU.ActiveCfg = Release|Any CPU
		{6C55B776-26D4-4DB3-A6AB-87E783B2F3D1}.Release|Any CPU.Build.0 = Release|Any CPU
		{6C55B776-26D4-4DB3-A6AB-87E783B2F3D1}.Release|Mixed Platforms.ActiveCfg = Release|Any CPU
		{6C55B776-26D4-4DB3-A6AB-87E783B2F3D1}.Release|Mixed Platforms.Build.0 = Release|Any CPU
		{6C55B776-26D4-4DB3-A6AB-87E783B2F3D1}.Release|x86.ActiveCfg = Release|Any CPU
		{6222A3A1-83CE-47A3-A4E4-A018F82D44D8}.Debug|Any CPU.ActiveCfg = Debug|Any CPU
		{6222A3A1-83CE-47A3-A4E4-A018F82D44D8}.Debug|Any CPU.Build.0 = Debug|Any CPU
		{6222A3A1-83CE-47A3-A4E4-A018F82D44D8}.Debug|Mixed Platforms.ActiveCfg = Debug|Any CPU
		{6222A3A1-83CE-47A3-A4E4-A018F82D44D8}.Debug|Mixed Platforms.Build.0 = Debug|Any CPU
		{6222A3A1-83CE-47A3-A4E4-A018F82D44D8}.Debug|x86.ActiveCfg = Debug|Any CPU
		{6222A3A1-83CE-47A3-A4E4-A018F82D44D8}.Release|Any CPU.ActiveCfg = Release|Any CPU
		{6222A3A1-83CE-47A3-A4E4-A018F82D44D8}.Release|Any CPU.Build.0 = Release|Any CPU
		{6222A3A1-83CE-47A3-A4E4-A018F82D44D8}.Release|Mixed Platforms.ActiveCfg = Release|Any CPU
		{6222A3A1-83CE-47A3-A4E4-A018F82D44D8}.Release|Mixed Platforms.Build.0 = Release|Any CPU
		{6222A3A1-83CE-47A3-A4E4-A018F82D44D8}.Release|x86.ActiveCfg = Release|Any CPU
		{87E61430-4243-45F2-B74E-0A4C096CEBF3}.Debug|Any CPU.ActiveCfg = Debug|Any CPU
		{87E61430-4243-45F2-B74E-0A4C096CEBF3}.Debug|Any CPU.Build.0 = Debug|Any CPU
		{87E61430-4243-45F2-B74E-0A4C096CEBF3}.Debug|Mixed Platforms.ActiveCfg = Debug|Any CPU
		{87E61430-4243-45F2-B74E-0A4C096CEBF3}.Debug|Mixed Platforms.Build.0 = Debug|Any CPU
		{87E61430-4243-45F2-B74E-0A4C096CEBF3}.Debug|x86.ActiveCfg = Debug|Any CPU
		{87E61430-4243-45F2-B74E-0A4C096CEBF3}.Release|Any CPU.ActiveCfg = Release|Any CPU
		{87E61430-4243-45F2-B74E-0A4C096CEBF3}.Release|Any CPU.Build.0 = Release|Any CPU
		{87E61430-4243-45F2-B74E-0A4C096CEBF3}.Release|Mixed Platforms.ActiveCfg = Release|Any CPU
		{87E61430-4243-45F2-B74E-0A4C096CEBF3}.Release|Mixed Platforms.Build.0 = Release|Any CPU
		{87E61430-4243-45F2-B74E-0A4C096CEBF3}.Release|x86.ActiveCfg = Release|Any CPU
		{952E558B-6E94-49A5-BA50-EC50C044709C}.Debug|Any CPU.ActiveCfg = Debug|Any CPU
		{952E558B-6E94-49A5-BA50-EC50C044709C}.Debug|Any CPU.Build.0 = Debug|Any CPU
		{952E558B-6E94-49A5-BA50-EC50C044709C}.Debug|Mixed Platforms.ActiveCfg = Debug|Any CPU
		{952E558B-6E94-49A5-BA50-EC50C044709C}.Debug|Mixed Platforms.Build.0 = Debug|Any CPU
		{952E558B-6E94-49A5-BA50-EC50C044709C}.Debug|x86.ActiveCfg = Debug|Any CPU
		{952E558B-6E94-49A5-BA50-EC50C044709C}.Release|Any CPU.ActiveCfg = Release|Any CPU
		{952E558B-6E94-49A5-BA50-EC50C044709C}.Release|Any CPU.Build.0 = Release|Any CPU
		{952E558B-6E94-49A5-BA50-EC50C044709C}.Release|Mixed Platforms.ActiveCfg = Release|Any CPU
		{952E558B-6E94-49A5-BA50-EC50C044709C}.Release|Mixed Platforms.Build.0 = Release|Any CPU
		{952E558B-6E94-49A5-BA50-EC50C044709C}.Release|x86.ActiveCfg = Release|Any CPU
		{A80A4CAC-9921-4A07-8735-A940B9775540}.Debug|Any CPU.ActiveCfg = Debug|Any CPU
		{A80A4CAC-9921-4A07-8735-A940B9775540}.Debug|Any CPU.Build.0 = Debug|Any CPU
		{A80A4CAC-9921-4A07-8735-A940B9775540}.Debug|Mixed Platforms.ActiveCfg = Debug|Any CPU
		{A80A4CAC-9921-4A07-8735-A940B9775540}.Debug|Mixed Platforms.Build.0 = Debug|Any CPU
		{A80A4CAC-9921-4A07-8735-A940B9775540}.Debug|x86.ActiveCfg = Debug|Any CPU
		{A80A4CAC-9921-4A07-8735-A940B9775540}.Release|Any CPU.ActiveCfg = Release|Any CPU
		{A80A4CAC-9921-4A07-8735-A940B9775540}.Release|Any CPU.Build.0 = Release|Any CPU
		{A80A4CAC-9921-4A07-8735-A940B9775540}.Release|Mixed Platforms.ActiveCfg = Release|Any CPU
		{A80A4CAC-9921-4A07-8735-A940B9775540}.Release|Mixed Platforms.Build.0 = Release|Any CPU
		{A80A4CAC-9921-4A07-8735-A940B9775540}.Release|x86.ActiveCfg = Release|Any CPU
		{3DF4F1CC-88C3-4656-B54B-7921A7C11B9E}.Debug|Any CPU.ActiveCfg = Debug|Any CPU
		{3DF4F1CC-88C3-4656-B54B-7921A7C11B9E}.Debug|Any CPU.Build.0 = Debug|Any CPU
		{3DF4F1CC-88C3-4656-B54B-7921A7C11B9E}.Debug|Mixed Platforms.ActiveCfg = Debug|Any CPU
		{3DF4F1CC-88C3-4656-B54B-7921A7C11B9E}.Debug|Mixed Platforms.Build.0 = Debug|Any CPU
		{3DF4F1CC-88C3-4656-B54B-7921A7C11B9E}.Debug|x86.ActiveCfg = Debug|Any CPU
		{3DF4F1CC-88C3-4656-B54B-7921A7C11B9E}.Release|Any CPU.ActiveCfg = Release|Any CPU
		{3DF4F1CC-88C3-4656-B54B-7921A7C11B9E}.Release|Any CPU.Build.0 = Release|Any CPU
		{3DF4F1CC-88C3-4656-B54B-7921A7C11B9E}.Release|Mixed Platforms.ActiveCfg = Release|Any CPU
		{3DF4F1CC-88C3-4656-B54B-7921A7C11B9E}.Release|Mixed Platforms.Build.0 = Release|Any CPU
		{3DF4F1CC-88C3-4656-B54B-7921A7C11B9E}.Release|x86.ActiveCfg = Release|Any CPU
		{4593E460-0B6D-4F53-B514-0FB39C43D021}.Debug|Any CPU.ActiveCfg = Debug|Any CPU
		{4593E460-0B6D-4F53-B514-0FB39C43D021}.Debug|Any CPU.Build.0 = Debug|Any CPU
		{4593E460-0B6D-4F53-B514-0FB39C43D021}.Debug|Mixed Platforms.ActiveCfg = Debug|Any CPU
		{4593E460-0B6D-4F53-B514-0FB39C43D021}.Debug|Mixed Platforms.Build.0 = Debug|Any CPU
		{4593E460-0B6D-4F53-B514-0FB39C43D021}.Debug|x86.ActiveCfg = Debug|Any CPU
		{4593E460-0B6D-4F53-B514-0FB39C43D021}.Release|Any CPU.ActiveCfg = Release|Any CPU
		{4593E460-0B6D-4F53-B514-0FB39C43D021}.Release|Any CPU.Build.0 = Release|Any CPU
		{4593E460-0B6D-4F53-B514-0FB39C43D021}.Release|Mixed Platforms.ActiveCfg = Release|Any CPU
		{4593E460-0B6D-4F53-B514-0FB39C43D021}.Release|Mixed Platforms.Build.0 = Release|Any CPU
		{4593E460-0B6D-4F53-B514-0FB39C43D021}.Release|x86.ActiveCfg = Release|Any CPU
		{9001EB99-FC7D-45AA-B62F-3B588533FF6A}.Debug|Any CPU.ActiveCfg = Debug|Any CPU
		{9001EB99-FC7D-45AA-B62F-3B588533FF6A}.Debug|Any CPU.Build.0 = Debug|Any CPU
		{9001EB99-FC7D-45AA-B62F-3B588533FF6A}.Debug|Mixed Platforms.ActiveCfg = Debug|Any CPU
		{9001EB99-FC7D-45AA-B62F-3B588533FF6A}.Debug|Mixed Platforms.Build.0 = Debug|Any CPU
		{9001EB99-FC7D-45AA-B62F-3B588533FF6A}.Debug|x86.ActiveCfg = Debug|Any CPU
		{9001EB99-FC7D-45AA-B62F-3B588533FF6A}.Release|Any CPU.ActiveCfg = Release|Any CPU
		{9001EB99-FC7D-45AA-B62F-3B588533FF6A}.Release|Any CPU.Build.0 = Release|Any CPU
		{9001EB99-FC7D-45AA-B62F-3B588533FF6A}.Release|Mixed Platforms.ActiveCfg = Release|Any CPU
		{9001EB99-FC7D-45AA-B62F-3B588533FF6A}.Release|Mixed Platforms.Build.0 = Release|Any CPU
		{9001EB99-FC7D-45AA-B62F-3B588533FF6A}.Release|x86.ActiveCfg = Release|Any CPU
		{57915513-32AB-44B9-AA63-C2997D1A873B}.Debug|Any CPU.ActiveCfg = Debug|Any CPU
		{57915513-32AB-44B9-AA63-C2997D1A873B}.Debug|Any CPU.Build.0 = Debug|Any CPU
		{57915513-32AB-44B9-AA63-C2997D1A873B}.Debug|Mixed Platforms.ActiveCfg = Debug|Any CPU
		{57915513-32AB-44B9-AA63-C2997D1A873B}.Debug|Mixed Platforms.Build.0 = Debug|Any CPU
		{57915513-32AB-44B9-AA63-C2997D1A873B}.Debug|x86.ActiveCfg = Debug|Any CPU
		{57915513-32AB-44B9-AA63-C2997D1A873B}.Release|Any CPU.ActiveCfg = Release|Any CPU
		{57915513-32AB-44B9-AA63-C2997D1A873B}.Release|Any CPU.Build.0 = Release|Any CPU
		{57915513-32AB-44B9-AA63-C2997D1A873B}.Release|Mixed Platforms.ActiveCfg = Release|Any CPU
		{57915513-32AB-44B9-AA63-C2997D1A873B}.Release|Mixed Platforms.Build.0 = Release|Any CPU
		{57915513-32AB-44B9-AA63-C2997D1A873B}.Release|x86.ActiveCfg = Release|Any CPU
		{D321B832-87D7-44F8-8CBB-8ED954340C5E}.Debug|Any CPU.ActiveCfg = Debug|Any CPU
		{D321B832-87D7-44F8-8CBB-8ED954340C5E}.Debug|Any CPU.Build.0 = Debug|Any CPU
		{D321B832-87D7-44F8-8CBB-8ED954340C5E}.Debug|Mixed Platforms.ActiveCfg = Debug|Any CPU
		{D321B832-87D7-44F8-8CBB-8ED954340C5E}.Debug|Mixed Platforms.Build.0 = Debug|Any CPU
		{D321B832-87D7-44F8-8CBB-8ED954340C5E}.Debug|x86.ActiveCfg = Debug|Any CPU
		{D321B832-87D7-44F8-8CBB-8ED954340C5E}.Release|Any CPU.ActiveCfg = Release|Any CPU
		{D321B832-87D7-44F8-8CBB-8ED954340C5E}.Release|Any CPU.Build.0 = Release|Any CPU
		{D321B832-87D7-44F8-8CBB-8ED954340C5E}.Release|Mixed Platforms.ActiveCfg = Release|Any CPU
		{D321B832-87D7-44F8-8CBB-8ED954340C5E}.Release|Mixed Platforms.Build.0 = Release|Any CPU
		{D321B832-87D7-44F8-8CBB-8ED954340C5E}.Release|x86.ActiveCfg = Release|Any CPU
		{D66C6CEE-4272-42B5-A086-0A0E4F69CFE3}.Debug|Any CPU.ActiveCfg = Debug|Any CPU
		{D66C6CEE-4272-42B5-A086-0A0E4F69CFE3}.Debug|Any CPU.Build.0 = Debug|Any CPU
		{D66C6CEE-4272-42B5-A086-0A0E4F69CFE3}.Debug|Mixed Platforms.ActiveCfg = Debug|Any CPU
		{D66C6CEE-4272-42B5-A086-0A0E4F69CFE3}.Debug|Mixed Platforms.Build.0 = Debug|Any CPU
		{D66C6CEE-4272-42B5-A086-0A0E4F69CFE3}.Debug|x86.ActiveCfg = Debug|Any CPU
		{D66C6CEE-4272-42B5-A086-0A0E4F69CFE3}.Release|Any CPU.ActiveCfg = Release|Any CPU
		{D66C6CEE-4272-42B5-A086-0A0E4F69CFE3}.Release|Any CPU.Build.0 = Release|Any CPU
		{D66C6CEE-4272-42B5-A086-0A0E4F69CFE3}.Release|Mixed Platforms.ActiveCfg = Release|Any CPU
		{D66C6CEE-4272-42B5-A086-0A0E4F69CFE3}.Release|Mixed Platforms.Build.0 = Release|Any CPU
		{D66C6CEE-4272-42B5-A086-0A0E4F69CFE3}.Release|x86.ActiveCfg = Release|Any CPU
		{4973C447-1643-462D-B58D-69929A3AF289}.Debug|Any CPU.ActiveCfg = Debug|Any CPU
		{4973C447-1643-462D-B58D-69929A3AF289}.Debug|Any CPU.Build.0 = Debug|Any CPU
		{4973C447-1643-462D-B58D-69929A3AF289}.Debug|Mixed Platforms.ActiveCfg = Debug|Any CPU
		{4973C447-1643-462D-B58D-69929A3AF289}.Debug|Mixed Platforms.Build.0 = Debug|Any CPU
		{4973C447-1643-462D-B58D-69929A3AF289}.Debug|x86.ActiveCfg = Debug|Any CPU
		{4973C447-1643-462D-B58D-69929A3AF289}.Release|Any CPU.ActiveCfg = Release|Any CPU
		{4973C447-1643-462D-B58D-69929A3AF289}.Release|Any CPU.Build.0 = Release|Any CPU
		{4973C447-1643-462D-B58D-69929A3AF289}.Release|Mixed Platforms.ActiveCfg = Release|Any CPU
		{4973C447-1643-462D-B58D-69929A3AF289}.Release|Mixed Platforms.Build.0 = Release|Any CPU
		{4973C447-1643-462D-B58D-69929A3AF289}.Release|x86.ActiveCfg = Release|Any CPU
		{33FB3D82-071C-4467-A130-39C1335848BA}.Debug|Any CPU.ActiveCfg = Debug|Any CPU
		{33FB3D82-071C-4467-A130-39C1335848BA}.Debug|Any CPU.Build.0 = Debug|Any CPU
		{33FB3D82-071C-4467-A130-39C1335848BA}.Debug|Mixed Platforms.ActiveCfg = Debug|Any CPU
		{33FB3D82-071C-4467-A130-39C1335848BA}.Debug|Mixed Platforms.Build.0 = Debug|Any CPU
		{33FB3D82-071C-4467-A130-39C1335848BA}.Debug|x86.ActiveCfg = Debug|Any CPU
		{33FB3D82-071C-4467-A130-39C1335848BA}.Release|Any CPU.ActiveCfg = Release|Any CPU
		{33FB3D82-071C-4467-A130-39C1335848BA}.Release|Any CPU.Build.0 = Release|Any CPU
		{33FB3D82-071C-4467-A130-39C1335848BA}.Release|Mixed Platforms.ActiveCfg = Release|Any CPU
		{33FB3D82-071C-4467-A130-39C1335848BA}.Release|Mixed Platforms.Build.0 = Release|Any CPU
		{33FB3D82-071C-4467-A130-39C1335848BA}.Release|x86.ActiveCfg = Release|Any CPU
		{65EA565E-3C5D-494B-8700-E438F095CC0A}.Debug|Any CPU.ActiveCfg = Debug|Any CPU
		{65EA565E-3C5D-494B-8700-E438F095CC0A}.Debug|Any CPU.Build.0 = Debug|Any CPU
		{65EA565E-3C5D-494B-8700-E438F095CC0A}.Debug|Mixed Platforms.ActiveCfg = Debug|Any CPU
		{65EA565E-3C5D-494B-8700-E438F095CC0A}.Debug|Mixed Platforms.Build.0 = Debug|Any CPU
		{65EA565E-3C5D-494B-8700-E438F095CC0A}.Debug|x86.ActiveCfg = Debug|Any CPU
		{65EA565E-3C5D-494B-8700-E438F095CC0A}.Release|Any CPU.ActiveCfg = Release|Any CPU
		{65EA565E-3C5D-494B-8700-E438F095CC0A}.Release|Any CPU.Build.0 = Release|Any CPU
		{65EA565E-3C5D-494B-8700-E438F095CC0A}.Release|Mixed Platforms.ActiveCfg = Release|Any CPU
		{65EA565E-3C5D-494B-8700-E438F095CC0A}.Release|Mixed Platforms.Build.0 = Release|Any CPU
		{65EA565E-3C5D-494B-8700-E438F095CC0A}.Release|x86.ActiveCfg = Release|Any CPU
		{5D099C5A-EEF0-4759-82D5-623BC15BB584}.Debug|Any CPU.ActiveCfg = Debug|Any CPU
		{5D099C5A-EEF0-4759-82D5-623BC15BB584}.Debug|Any CPU.Build.0 = Debug|Any CPU
		{5D099C5A-EEF0-4759-82D5-623BC15BB584}.Debug|Mixed Platforms.ActiveCfg = Debug|Any CPU
		{5D099C5A-EEF0-4759-82D5-623BC15BB584}.Debug|Mixed Platforms.Build.0 = Debug|Any CPU
		{5D099C5A-EEF0-4759-82D5-623BC15BB584}.Debug|x86.ActiveCfg = Debug|Any CPU
		{5D099C5A-EEF0-4759-82D5-623BC15BB584}.Release|Any CPU.ActiveCfg = Release|Any CPU
		{5D099C5A-EEF0-4759-82D5-623BC15BB584}.Release|Any CPU.Build.0 = Release|Any CPU
		{5D099C5A-EEF0-4759-82D5-623BC15BB584}.Release|Mixed Platforms.ActiveCfg = Release|Any CPU
		{5D099C5A-EEF0-4759-82D5-623BC15BB584}.Release|Mixed Platforms.Build.0 = Release|Any CPU
		{5D099C5A-EEF0-4759-82D5-623BC15BB584}.Release|x86.ActiveCfg = Release|Any CPU
		{7F67FEDC-310F-4036-B9AE-F1D075C9E8E1}.Debug|Any CPU.ActiveCfg = Debug|Any CPU
		{7F67FEDC-310F-4036-B9AE-F1D075C9E8E1}.Debug|Any CPU.Build.0 = Debug|Any CPU
		{7F67FEDC-310F-4036-B9AE-F1D075C9E8E1}.Debug|Mixed Platforms.ActiveCfg = Debug|Any CPU
		{7F67FEDC-310F-4036-B9AE-F1D075C9E8E1}.Debug|Mixed Platforms.Build.0 = Debug|Any CPU
		{7F67FEDC-310F-4036-B9AE-F1D075C9E8E1}.Debug|x86.ActiveCfg = Debug|Any CPU
		{7F67FEDC-310F-4036-B9AE-F1D075C9E8E1}.Release|Any CPU.ActiveCfg = Release|Any CPU
		{7F67FEDC-310F-4036-B9AE-F1D075C9E8E1}.Release|Any CPU.Build.0 = Release|Any CPU
		{7F67FEDC-310F-4036-B9AE-F1D075C9E8E1}.Release|Mixed Platforms.ActiveCfg = Release|Any CPU
		{7F67FEDC-310F-4036-B9AE-F1D075C9E8E1}.Release|Mixed Platforms.Build.0 = Release|Any CPU
		{7F67FEDC-310F-4036-B9AE-F1D075C9E8E1}.Release|x86.ActiveCfg = Release|Any CPU
		{000357BC-6394-4C19-B41E-4B7E9767673E}.Debug|Any CPU.ActiveCfg = Debug
		{000357BC-6394-4C19-B41E-4B7E9767673E}.Debug|Mixed Platforms.ActiveCfg = Debug
		{000357BC-6394-4C19-B41E-4B7E9767673E}.Debug|x86.ActiveCfg = Debug
		{000357BC-6394-4C19-B41E-4B7E9767673E}.Release|Any CPU.ActiveCfg = Release
		{000357BC-6394-4C19-B41E-4B7E9767673E}.Release|Mixed Platforms.ActiveCfg = Release
		{000357BC-6394-4C19-B41E-4B7E9767673E}.Release|x86.ActiveCfg = Release
	EndGlobalSection
	GlobalSection(SolutionProperties) = preSolution
		HideSolutionNode = FALSE
	EndGlobalSection
EndGlobal
