
Microsoft Visual Studio Solution File, Format Version 11.00
# Visual Studio 2010
Project("{FAE04EC0-301F-11D3-BF4B-00C04F79EFBC}") = "Wish", "Wish\Wish.csproj", "{702B536A-E766-4C55-838E-14424FA8F101}"
EndProject
Project("{FAE04EC0-301F-11D3-BF4B-00C04F79EFBC}") = "WishModule", "WishModule\WishModule.csproj", "{A79E6DEA-767F-493E-99D3-9A0B3B022E0C}"
EndProject
Project("{FAE04EC0-301F-11D3-BF4B-00C04F79EFBC}") = "Terminal", "Terminal\Terminal.csproj", "{D89C5D01-77DD-4AA3-9624-62FDC6EE0BC3}"
EndProject
Project("{FAE04EC0-301F-11D3-BF4B-00C04F79EFBC}") = "Wish.Testing", "Wish.Testing\Wish.Testing.csproj", "{3BE10DB9-CE1B-4BB9-B3AA-E6A011CC0A2C}"
EndProject
Global
	GlobalSection(SolutionConfigurationPlatforms) = preSolution
		Debug|Any CPU = Debug|Any CPU
		Debug|Mixed Platforms = Debug|Mixed Platforms
		Debug|x86 = Debug|x86
		Release|Any CPU = Release|Any CPU
		Release|Mixed Platforms = Release|Mixed Platforms
		Release|x86 = Release|x86
	EndGlobalSection
	GlobalSection(ProjectConfigurationPlatforms) = postSolution
		{702B536A-E766-4C55-838E-14424FA8F101}.Debug|Any CPU.ActiveCfg = Debug|x86
		{702B536A-E766-4C55-838E-14424FA8F101}.Debug|Mixed Platforms.ActiveCfg = Debug|x86
		{702B536A-E766-4C55-838E-14424FA8F101}.Debug|Mixed Platforms.Build.0 = Debug|x86
		{702B536A-E766-4C55-838E-14424FA8F101}.Debug|x86.ActiveCfg = Debug|x86
		{702B536A-E766-4C55-838E-14424FA8F101}.Debug|x86.Build.0 = Debug|x86
		{702B536A-E766-4C55-838E-14424FA8F101}.Release|Any CPU.ActiveCfg = Release|x86
		{702B536A-E766-4C55-838E-14424FA8F101}.Release|Mixed Platforms.ActiveCfg = Release|x86
		{702B536A-E766-4C55-838E-14424FA8F101}.Release|Mixed Platforms.Build.0 = Release|x86
		{702B536A-E766-4C55-838E-14424FA8F101}.Release|x86.ActiveCfg = Release|x86
		{702B536A-E766-4C55-838E-14424FA8F101}.Release|x86.Build.0 = Release|x86
		{A79E6DEA-767F-493E-99D3-9A0B3B022E0C}.Debug|Any CPU.ActiveCfg = Debug|Any CPU
		{A79E6DEA-767F-493E-99D3-9A0B3B022E0C}.Debug|Any CPU.Build.0 = Debug|Any CPU
		{A79E6DEA-767F-493E-99D3-9A0B3B022E0C}.Debug|Mixed Platforms.ActiveCfg = Debug|Any CPU
		{A79E6DEA-767F-493E-99D3-9A0B3B022E0C}.Debug|Mixed Platforms.Build.0 = Debug|Any CPU
		{A79E6DEA-767F-493E-99D3-9A0B3B022E0C}.Debug|x86.ActiveCfg = Debug|Any CPU
		{A79E6DEA-767F-493E-99D3-9A0B3B022E0C}.Release|Any CPU.ActiveCfg = Release|Any CPU
		{A79E6DEA-767F-493E-99D3-9A0B3B022E0C}.Release|Any CPU.Build.0 = Release|Any CPU
		{A79E6DEA-767F-493E-99D3-9A0B3B022E0C}.Release|Mixed Platforms.ActiveCfg = Release|Any CPU
		{A79E6DEA-767F-493E-99D3-9A0B3B022E0C}.Release|Mixed Platforms.Build.0 = Release|Any CPU
		{A79E6DEA-767F-493E-99D3-9A0B3B022E0C}.Release|x86.ActiveCfg = Release|Any CPU
		{D89C5D01-77DD-4AA3-9624-62FDC6EE0BC3}.Debug|Any CPU.ActiveCfg = Debug|Any CPU
		{D89C5D01-77DD-4AA3-9624-62FDC6EE0BC3}.Debug|Any CPU.Build.0 = Debug|Any CPU
		{D89C5D01-77DD-4AA3-9624-62FDC6EE0BC3}.Debug|Mixed Platforms.ActiveCfg = Debug|Any CPU
		{D89C5D01-77DD-4AA3-9624-62FDC6EE0BC3}.Debug|Mixed Platforms.Build.0 = Debug|Any CPU
		{D89C5D01-77DD-4AA3-9624-62FDC6EE0BC3}.Debug|x86.ActiveCfg = Debug|Any CPU
		{D89C5D01-77DD-4AA3-9624-62FDC6EE0BC3}.Release|Any CPU.ActiveCfg = Release|Any CPU
		{D89C5D01-77DD-4AA3-9624-62FDC6EE0BC3}.Release|Any CPU.Build.0 = Release|Any CPU
		{D89C5D01-77DD-4AA3-9624-62FDC6EE0BC3}.Release|Mixed Platforms.ActiveCfg = Release|Any CPU
		{D89C5D01-77DD-4AA3-9624-62FDC6EE0BC3}.Release|Mixed Platforms.Build.0 = Release|Any CPU
		{D89C5D01-77DD-4AA3-9624-62FDC6EE0BC3}.Release|x86.ActiveCfg = Release|Any CPU
		{3BE10DB9-CE1B-4BB9-B3AA-E6A011CC0A2C}.Debug|Any CPU.ActiveCfg = Debug|Any CPU
		{3BE10DB9-CE1B-4BB9-B3AA-E6A011CC0A2C}.Debug|Any CPU.Build.0 = Debug|Any CPU
		{3BE10DB9-CE1B-4BB9-B3AA-E6A011CC0A2C}.Debug|Mixed Platforms.ActiveCfg = Debug|Any CPU
		{3BE10DB9-CE1B-4BB9-B3AA-E6A011CC0A2C}.Debug|Mixed Platforms.Build.0 = Debug|Any CPU
		{3BE10DB9-CE1B-4BB9-B3AA-E6A011CC0A2C}.Debug|x86.ActiveCfg = Debug|Any CPU
		{3BE10DB9-CE1B-4BB9-B3AA-E6A011CC0A2C}.Release|Any CPU.ActiveCfg = Release|Any CPU
		{3BE10DB9-CE1B-4BB9-B3AA-E6A011CC0A2C}.Release|Any CPU.Build.0 = Release|Any CPU
		{3BE10DB9-CE1B-4BB9-B3AA-E6A011CC0A2C}.Release|Mixed Platforms.ActiveCfg = Release|Any CPU
		{3BE10DB9-CE1B-4BB9-B3AA-E6A011CC0A2C}.Release|Mixed Platforms.Build.0 = Release|Any CPU
		{3BE10DB9-CE1B-4BB9-B3AA-E6A011CC0A2C}.Release|x86.ActiveCfg = Release|Any CPU
	EndGlobalSection
	GlobalSection(SolutionProperties) = preSolution
		HideSolutionNode = FALSE
	EndGlobalSection
EndGlobal
