
Microsoft Visual Studio Solution File, Format Version 11.00
# Visual Studio 2010
Project("{FAE04EC0-301F-11D3-BF4B-00C04F79EFBC}") = "Wish.Desktop", "Wish.Desktop\Wish.Desktop.csproj", "{702B536A-E766-4C55-838E-14424FA8F101}"
EndProject
Project("{FAE04EC0-301F-11D3-BF4B-00C04F79EFBC}") = "Wish.Module", "WishModule\Wish.Module.csproj", "{F6A61085-69F1-499B-BFCE-E65E32BEDCC9}"
EndProject
Project("{FAE04EC0-301F-11D3-BF4B-00C04F79EFBC}") = "ICSharpCode.AvalonEdit", "ICSharpCode.AvalonEdit\ICSharpCode.AvalonEdit.csproj", "{6C55B776-26D4-4DB3-A6AB-87E783B2F3D1}"
EndProject
Project("{FAE04EC0-301F-11D3-BF4B-00C04F79EFBC}") = "ICSharpCode.AvalonEdit.Tests", "ICSharpCode.AvalonEdit.Tests\ICSharpCode.AvalonEdit.Tests.csproj", "{6222A3A1-83CE-47A3-A4E4-A018F82D44D8}"
EndProject
Project("{2150E333-8FDC-42A3-9474-1A3956D46DE8}") = "Solution Items", "Solution Items", "{9762B3C5-6F95-40E6-86A5-59B6EA61899C}"
	ProjectSection(SolutionItems) = preProject
		star.ico = star.ico
		star.png = star.png
	EndProjectSection
EndProject
Project("{54435603-DBB4-11D2-8724-00A0C9A8B90C}") = "Wish", "Wish\Wish.vdproj", "{5AA8072E-7F7C-4B42-B79A-01F912390B36}"
EndProject
Project("{FAE04EC0-301F-11D3-BF4B-00C04F79EFBC}") = "AvalonDock", "AvalonDock\AvalonDock.csproj", "{87E61430-4243-45F2-B74E-0A4C096CEBF3}"
EndProject
Project("{FAE04EC0-301F-11D3-BF4B-00C04F79EFBC}") = "Aviad.WPF.Controls", "ACTB\Aviad.WPF.Controls.csproj", "{952E558B-6E94-49A5-BA50-EC50C044709C}"
EndProject
Global
	GlobalSection(SolutionConfigurationPlatforms) = preSolution
		Debug|Any CPU = Debug|Any CPU
		Debug|Mixed Platforms = Debug|Mixed Platforms
		Debug|x86 = Debug|x86
		Release|Any CPU = Release|Any CPU
		Release|Mixed Platforms = Release|Mixed Platforms
		Release|x86 = Release|x86
	EndGlobalSection
	GlobalSection(ProjectConfigurationPlatforms) = postSolution
		{702B536A-E766-4C55-838E-14424FA8F101}.Debug|Any CPU.ActiveCfg = Debug|x86
		{702B536A-E766-4C55-838E-14424FA8F101}.Debug|Mixed Platforms.ActiveCfg = Debug|x86
		{702B536A-E766-4C55-838E-14424FA8F101}.Debug|Mixed Platforms.Build.0 = Debug|x86
		{702B536A-E766-4C55-838E-14424FA8F101}.Debug|x86.ActiveCfg = Debug|x86
		{702B536A-E766-4C55-838E-14424FA8F101}.Debug|x86.Build.0 = Debug|x86
		{702B536A-E766-4C55-838E-14424FA8F101}.Release|Any CPU.ActiveCfg = Release|x86
		{702B536A-E766-4C55-838E-14424FA8F101}.Release|Mixed Platforms.ActiveCfg = Release|x86
		{702B536A-E766-4C55-838E-14424FA8F101}.Release|Mixed Platforms.Build.0 = Release|x86
		{702B536A-E766-4C55-838E-14424FA8F101}.Release|x86.ActiveCfg = Release|x86
		{702B536A-E766-4C55-838E-14424FA8F101}.Release|x86.Build.0 = Release|x86
		{F6A61085-69F1-499B-BFCE-E65E32BEDCC9}.Debug|Any CPU.ActiveCfg = Debug|Any CPU
		{F6A61085-69F1-499B-BFCE-E65E32BEDCC9}.Debug|Any CPU.Build.0 = Debug|Any CPU
		{F6A61085-69F1-499B-BFCE-E65E32BEDCC9}.Debug|Mixed Platforms.ActiveCfg = Debug|Any CPU
		{F6A61085-69F1-499B-BFCE-E65E32BEDCC9}.Debug|Mixed Platforms.Build.0 = Debug|Any CPU
		{F6A61085-69F1-499B-BFCE-E65E32BEDCC9}.Debug|x86.ActiveCfg = Debug|Any CPU
		{F6A61085-69F1-499B-BFCE-E65E32BEDCC9}.Release|Any CPU.ActiveCfg = Release|Any CPU
		{F6A61085-69F1-499B-BFCE-E65E32BEDCC9}.Release|Any CPU.Build.0 = Release|Any CPU
		{F6A61085-69F1-499B-BFCE-E65E32BEDCC9}.Release|Mixed Platforms.ActiveCfg = Release|Any CPU
		{F6A61085-69F1-499B-BFCE-E65E32BEDCC9}.Release|Mixed Platforms.Build.0 = Release|Any CPU
		{F6A61085-69F1-499B-BFCE-E65E32BEDCC9}.Release|x86.ActiveCfg = Release|Any CPU
		{6C55B776-26D4-4DB3-A6AB-87E783B2F3D1}.Debug|Any CPU.ActiveCfg = Debug|Any CPU
		{6C55B776-26D4-4DB3-A6AB-87E783B2F3D1}.Debug|Any CPU.Build.0 = Debug|Any CPU
		{6C55B776-26D4-4DB3-A6AB-87E783B2F3D1}.Debug|Mixed Platforms.ActiveCfg = Debug|Any CPU
		{6C55B776-26D4-4DB3-A6AB-87E783B2F3D1}.Debug|Mixed Platforms.Build.0 = Debug|Any CPU
		{6C55B776-26D4-4DB3-A6AB-87E783B2F3D1}.Debug|x86.ActiveCfg = Debug|Any CPU
		{6C55B776-26D4-4DB3-A6AB-87E783B2F3D1}.Release|Any CPU.ActiveCfg = Release|Any CPU
		{6C55B776-26D4-4DB3-A6AB-87E783B2F3D1}.Release|Any CPU.Build.0 = Release|Any CPU
		{6C55B776-26D4-4DB3-A6AB-87E783B2F3D1}.Release|Mixed Platforms.ActiveCfg = Release|Any CPU
		{6C55B776-26D4-4DB3-A6AB-87E783B2F3D1}.Release|Mixed Platforms.Build.0 = Release|Any CPU
		{6C55B776-26D4-4DB3-A6AB-87E783B2F3D1}.Release|x86.ActiveCfg = Release|Any CPU
		{6222A3A1-83CE-47A3-A4E4-A018F82D44D8}.Debug|Any CPU.ActiveCfg = Debug|Any CPU
		{6222A3A1-83CE-47A3-A4E4-A018F82D44D8}.Debug|Any CPU.Build.0 = Debug|Any CPU
		{6222A3A1-83CE-47A3-A4E4-A018F82D44D8}.Debug|Mixed Platforms.ActiveCfg = Debug|Any CPU
		{6222A3A1-83CE-47A3-A4E4-A018F82D44D8}.Debug|Mixed Platforms.Build.0 = Debug|Any CPU
		{6222A3A1-83CE-47A3-A4E4-A018F82D44D8}.Debug|x86.ActiveCfg = Debug|Any CPU
		{6222A3A1-83CE-47A3-A4E4-A018F82D44D8}.Release|Any CPU.ActiveCfg = Release|Any CPU
		{6222A3A1-83CE-47A3-A4E4-A018F82D44D8}.Release|Any CPU.Build.0 = Release|Any CPU
		{6222A3A1-83CE-47A3-A4E4-A018F82D44D8}.Release|Mixed Platforms.ActiveCfg = Release|Any CPU
		{6222A3A1-83CE-47A3-A4E4-A018F82D44D8}.Release|Mixed Platforms.Build.0 = Release|Any CPU
		{6222A3A1-83CE-47A3-A4E4-A018F82D44D8}.Release|x86.ActiveCfg = Release|Any CPU
		{5AA8072E-7F7C-4B42-B79A-01F912390B36}.Debug|Any CPU.ActiveCfg = Debug
		{5AA8072E-7F7C-4B42-B79A-01F912390B36}.Debug|Mixed Platforms.ActiveCfg = Debug
		{5AA8072E-7F7C-4B42-B79A-01F912390B36}.Debug|Mixed Platforms.Build.0 = Debug
		{5AA8072E-7F7C-4B42-B79A-01F912390B36}.Debug|x86.ActiveCfg = Debug
		{5AA8072E-7F7C-4B42-B79A-01F912390B36}.Release|Any CPU.ActiveCfg = Release
		{5AA8072E-7F7C-4B42-B79A-01F912390B36}.Release|Mixed Platforms.ActiveCfg = Release
		{5AA8072E-7F7C-4B42-B79A-01F912390B36}.Release|x86.ActiveCfg = Release
		{87E61430-4243-45F2-B74E-0A4C096CEBF3}.Debug|Any CPU.ActiveCfg = Debug|Any CPU
		{87E61430-4243-45F2-B74E-0A4C096CEBF3}.Debug|Any CPU.Build.0 = Debug|Any CPU
		{87E61430-4243-45F2-B74E-0A4C096CEBF3}.Debug|Mixed Platforms.ActiveCfg = Debug|Any CPU
		{87E61430-4243-45F2-B74E-0A4C096CEBF3}.Debug|Mixed Platforms.Build.0 = Debug|Any CPU
		{87E61430-4243-45F2-B74E-0A4C096CEBF3}.Debug|x86.ActiveCfg = Debug|Any CPU
		{87E61430-4243-45F2-B74E-0A4C096CEBF3}.Release|Any CPU.ActiveCfg = Release|Any CPU
		{87E61430-4243-45F2-B74E-0A4C096CEBF3}.Release|Any CPU.Build.0 = Release|Any CPU
		{87E61430-4243-45F2-B74E-0A4C096CEBF3}.Release|Mixed Platforms.ActiveCfg = Release|Any CPU
		{87E61430-4243-45F2-B74E-0A4C096CEBF3}.Release|Mixed Platforms.Build.0 = Release|Any CPU
		{87E61430-4243-45F2-B74E-0A4C096CEBF3}.Release|x86.ActiveCfg = Release|Any CPU
		{952E558B-6E94-49A5-BA50-EC50C044709C}.Debug|Any CPU.ActiveCfg = Debug|Any CPU
		{952E558B-6E94-49A5-BA50-EC50C044709C}.Debug|Any CPU.Build.0 = Debug|Any CPU
		{952E558B-6E94-49A5-BA50-EC50C044709C}.Debug|Mixed Platforms.ActiveCfg = Debug|Any CPU
		{952E558B-6E94-49A5-BA50-EC50C044709C}.Debug|Mixed Platforms.Build.0 = Debug|Any CPU
		{952E558B-6E94-49A5-BA50-EC50C044709C}.Debug|x86.ActiveCfg = Debug|Any CPU
		{952E558B-6E94-49A5-BA50-EC50C044709C}.Release|Any CPU.ActiveCfg = Release|Any CPU
		{952E558B-6E94-49A5-BA50-EC50C044709C}.Release|Any CPU.Build.0 = Release|Any CPU
		{952E558B-6E94-49A5-BA50-EC50C044709C}.Release|Mixed Platforms.ActiveCfg = Release|Any CPU
		{952E558B-6E94-49A5-BA50-EC50C044709C}.Release|Mixed Platforms.Build.0 = Release|Any CPU
		{952E558B-6E94-49A5-BA50-EC50C044709C}.Release|x86.ActiveCfg = Release|Any CPU
	EndGlobalSection
	GlobalSection(SolutionProperties) = preSolution
		HideSolutionNode = FALSE
	EndGlobalSection
EndGlobal
